
Microsoft Visual Studio Solution File, Format Version 12.00
# Visual Studio Version 17
VisualStudioVersion = 17.5.002.0
MinimumVisualStudioVersion = 10.0.40219.1
Project("{9A19103F-16F7-4668-BE54-9A1E7A4F7556}") = "Curriculum.EF", "Curriculum.EF\Curriculum.EF.csproj", "{859E072B-920B-4BBB-AB92-50FB05997FC2}"
EndProject
Project("{9A19103F-16F7-4668-BE54-9A1E7A4F7556}") = "Curriculum.Blazor", "Curriculum.Blazor\Curriculum.Blazor.csproj", "{929F2458-4591-42F0-8DAC-2D125531E862}"
EndProject
Global
	GlobalSection(SolutionConfigurationPlatforms) = preSolution
		Debug|Any CPU = Debug|Any CPU
		Release|Any CPU = Release|Any CPU
	EndGlobalSection
	GlobalSection(ProjectConfigurationPlatforms) = postSolution
		{859E072B-920B-4BBB-AB92-50FB05997FC2}.Debug|Any CPU.ActiveCfg = Debug|Any CPU
		{859E072B-920B-4BBB-AB92-50FB05997FC2}.Debug|Any CPU.Build.0 = Debug|Any CPU
		{859E072B-920B-4BBB-AB92-50FB05997FC2}.Release|Any CPU.ActiveCfg = Release|Any CPU
		{859E072B-920B-4BBB-AB92-50FB05997FC2}.Release|Any CPU.Build.0 = Release|Any CPU
		{929F2458-4591-42F0-8DAC-2D125531E862}.Debug|Any CPU.ActiveCfg = Debug|Any CPU
		{929F2458-4591-42F0-8DAC-2D125531E862}.Debug|Any CPU.Build.0 = Debug|Any CPU
		{929F2458-4591-42F0-8DAC-2D125531E862}.Release|Any CPU.ActiveCfg = Release|Any CPU
		{929F2458-4591-42F0-8DAC-2D125531E862}.Release|Any CPU.Build.0 = Release|Any CPU
	EndGlobalSection
	GlobalSection(SolutionProperties) = preSolution
		HideSolutionNode = FALSE
	EndGlobalSection
	GlobalSection(ExtensibilityGlobals) = postSolution
		SolutionGuid = {B4A39455-3FAD-40D8-AE8F-EB46D968B303}
	EndGlobalSection
EndGlobal
