
Microsoft Visual Studio Solution File, Format Version 12.00
# Visual Studio Version 17
VisualStudioVersion = 17.5.002.0
MinimumVisualStudioVersion = 10.0.40219.1
Project("{2150E333-8FDC-42A3-9474-1A3956D46DE8}") = "Curriculum.EF.Api", "Curriculum.EF.Api", "{A935F388-DEF0-4F15-8E9C-08147C4D78F3}"
EndProject
Project("{9A19103F-16F7-4668-BE54-9A1E7A4F7556}") = "Curriculum.EF.Api", "Curriculum.EF.Api\curriculum\Curriculum.EF.Api.csproj", "{465AA3AB-6ACC-469E-B90D-E7BE9838BC62}"
EndProject
Project("{2150E333-8FDC-42A3-9474-1A3956D46DE8}") = "Curriculum.EF.Infrastructure", "Curriculum.EF.Infrastructure", "{7D27CC57-E081-4F9D-BEC8-AB59ED5692D1}"
EndProject
Project("{9A19103F-16F7-4668-BE54-9A1E7A4F7556}") = "Curriculum.EF.Infrastructure", "Curriculum.EF.Infrastructure\curriculum\Curriculum.EF.Infrastructure.csproj", "{BEFBE86E-692A-4418-924B-D55D053A35EC}"
EndProject
Project("{2150E333-8FDC-42A3-9474-1A3956D46DE8}") = "Curriculum.EF", "Curriculum.EF", "{4C105411-EB42-4FB5-89FF-D8CFEE343F9B}"
EndProject
Project("{9A19103F-16F7-4668-BE54-9A1E7A4F7556}") = "Curriculum.EF", "Curriculum.EF\curriculum\Curriculum.EF.csproj", "{9C91A2FD-0ED7-4E52-8006-6047AC88B3D1}"
EndProject
Project("{2150E333-8FDC-42A3-9474-1A3956D46DE8}") = "Curriculum.Blazor", "Curriculum.Blazor", "{A8FB3D8C-5EC4-4037-8C67-4FB52B7ECA3D}"
EndProject
Project("{9A19103F-16F7-4668-BE54-9A1E7A4F7556}") = "Curriculum.Blazor", "Curriculum.Blazor\curriculum\Curriculum.Blazor.csproj", "{20ADABD4-E4CD-46BA-9C7F-833EA6E4C1BF}"
EndProject
Global
	GlobalSection(SolutionConfigurationPlatforms) = preSolution
		Debug|Any CPU = Debug|Any CPU
		Release|Any CPU = Release|Any CPU
	EndGlobalSection
	GlobalSection(ProjectConfigurationPlatforms) = postSolution
		{465AA3AB-6ACC-469E-B90D-E7BE9838BC62}.Debug|Any CPU.ActiveCfg = Debug|Any CPU
		{465AA3AB-6ACC-469E-B90D-E7BE9838BC62}.Debug|Any CPU.Build.0 = Debug|Any CPU
		{465AA3AB-6ACC-469E-B90D-E7BE9838BC62}.Release|Any CPU.ActiveCfg = Release|Any CPU
		{465AA3AB-6ACC-469E-B90D-E7BE9838BC62}.Release|Any CPU.Build.0 = Release|Any CPU
		{BEFBE86E-692A-4418-924B-D55D053A35EC}.Debug|Any CPU.ActiveCfg = Debug|Any CPU
		{BEFBE86E-692A-4418-924B-D55D053A35EC}.Debug|Any CPU.Build.0 = Debug|Any CPU
		{BEFBE86E-692A-4418-924B-D55D053A35EC}.Release|Any CPU.ActiveCfg = Release|Any CPU
		{BEFBE86E-692A-4418-924B-D55D053A35EC}.Release|Any CPU.Build.0 = Release|Any CPU
		{9C91A2FD-0ED7-4E52-8006-6047AC88B3D1}.Debug|Any CPU.ActiveCfg = Debug|Any CPU
		{9C91A2FD-0ED7-4E52-8006-6047AC88B3D1}.Debug|Any CPU.Build.0 = Debug|Any CPU
		{9C91A2FD-0ED7-4E52-8006-6047AC88B3D1}.Release|Any CPU.ActiveCfg = Release|Any CPU
		{9C91A2FD-0ED7-4E52-8006-6047AC88B3D1}.Release|Any CPU.Build.0 = Release|Any CPU
		{20ADABD4-E4CD-46BA-9C7F-833EA6E4C1BF}.Debug|Any CPU.ActiveCfg = Debug|Any CPU
		{20ADABD4-E4CD-46BA-9C7F-833EA6E4C1BF}.Debug|Any CPU.Build.0 = Debug|Any CPU
		{20ADABD4-E4CD-46BA-9C7F-833EA6E4C1BF}.Release|Any CPU.ActiveCfg = Release|Any CPU
		{20ADABD4-E4CD-46BA-9C7F-833EA6E4C1BF}.Release|Any CPU.Build.0 = Release|Any CPU
	EndGlobalSection
	GlobalSection(SolutionProperties) = preSolution
		HideSolutionNode = FALSE
	EndGlobalSection
	GlobalSection(NestedProjects) = preSolution
		{465AA3AB-6ACC-469E-B90D-E7BE9838BC62} = {A935F388-DEF0-4F15-8E9C-08147C4D78F3}
		{BEFBE86E-692A-4418-924B-D55D053A35EC} = {7D27CC57-E081-4F9D-BEC8-AB59ED5692D1}
		{9C91A2FD-0ED7-4E52-8006-6047AC88B3D1} = {4C105411-EB42-4FB5-89FF-D8CFEE343F9B}
		{20ADABD4-E4CD-46BA-9C7F-833EA6E4C1BF} = {A8FB3D8C-5EC4-4037-8C67-4FB52B7ECA3D}
	EndGlobalSection
	GlobalSection(ExtensibilityGlobals) = postSolution
		SolutionGuid = {3FFD6C83-8351-4156-9387-A2556D4940F5}
	EndGlobalSection
EndGlobal
